
Microsoft Visual Studio Solution File, Format Version 12.00
# Visual Studio Version 17
VisualStudioVersion = 17.5.33516.290
MinimumVisualStudioVersion = 10.0.40219.1
Project("{FAE04EC0-301F-11D3-BF4B-00C04F79EFBC}") = "BankAccount", "BankAccount.csproj", "{335F474B-8EA2-4F42-97AE-DBA2AF569F1B}"
EndProject
Global
	GlobalSection(SolutionConfigurationPlatforms) = preSolution
		Debug|Any CPU = Debug|Any CPU
		Release|Any CPU = Release|Any CPU
	EndGlobalSection
	GlobalSection(ProjectConfigurationPlatforms) = postSolution
		{335F474B-8EA2-4F42-97AE-DBA2AF569F1B}.Debug|Any CPU.ActiveCfg = Debug|Any CPU
		{335F474B-8EA2-4F42-97AE-DBA2AF569F1B}.Debug|Any CPU.Build.0 = Debug|Any CPU
		{335F474B-8EA2-4F42-97AE-DBA2AF569F1B}.Release|Any CPU.ActiveCfg = Release|Any CPU
		{335F474B-8EA2-4F42-97AE-DBA2AF569F1B}.Release|Any CPU.Build.0 = Release|Any CPU
	EndGlobalSection
	GlobalSection(SolutionProperties) = preSolution
		HideSolutionNode = FALSE
	EndGlobalSection
	GlobalSection(ExtensibilityGlobals) = postSolution
		SolutionGuid = {84E3D2F9-DC1F-4E48-8DF8-ABE3CB37FA84}
	EndGlobalSection
EndGlobal
